<?xml version="1.0" encoding="utf-8"?>
<Project ToolsVersion="4.0" xmlns="http://schemas.microsoft.com/developer/msbuild/2003">
  <ItemGroup>
    <Filter Include="head">
      <UniqueIdentifier>{69d94c5a-9e11-4800-99b2-f02e56b47c7e}</UniqueIdentifier>
    </Filter>
    <Filter Include="code">
      <UniqueIdentifier>{a13f8da0-cff2-4778-a8af-9f233d54fa4b}</UniqueIdentifier>
    </Filter>
  </ItemGroup>
  <ItemGroup>
    <ClInclude Include="_define_.h">
      <Filter>head</Filter>
    </ClInclude>
    <ClInclude Include="_stdlib_.h">
      <Filter>head</Filter>
    </ClInclude>
    <ClInclude Include="Client_Box.h">
      <Filter>head</Filter>
    </ClInclude>
  </ItemGroup>
  <ItemGroup>
    <ClCompile Include="Client_Box.cpp">
      <Filter>code</Filter>
    </ClCompile>
    <ClCompile Include="main.cpp">
      <Filter>code</Filter>
    </ClCompile>
  </ItemGroup>
</Project>